
Microsoft Visual Studio Solution File, Format Version 12.00
# Visual Studio 15
VisualStudioVersion = 15.0.27004.2005
MinimumVisualStudioVersion = 10.0.40219.1
Project("{FAE04EC0-301F-11D3-BF4B-00C04F79EFBC}") = "Forms", "Interfases\Forms.csproj", "{A7B162D5-FFCE-490D-83BC-2725689AC63F}"
EndProject
Project("{FAE04EC0-301F-11D3-BF4B-00C04F79EFBC}") = "Models", "Models\Models.csproj", "{C1FFCBDF-8ADD-411D-B247-303E3F3C2362}"
EndProject
Project("{FAE04EC0-301F-11D3-BF4B-00C04F79EFBC}") = "DataBase", "DataBase\DataBase.csproj", "{D11FE544-F698-4BB3-866F-57D63997916C}"
EndProject
Project("{FAE04EC0-301F-11D3-BF4B-00C04F79EFBC}") = "Interfaces", "Interfaces\Interfaces.csproj", "{5D30C754-26AC-4652-A146-B3D61E6607B9}"
EndProject
Project("{FAE04EC0-301F-11D3-BF4B-00C04F79EFBC}") = "Repositories", "Repositories\Repositories.csproj", "{6ACA0938-0285-4B27-A26E-98C86686288D}"
EndProject
Project("{FAE04EC0-301F-11D3-BF4B-00C04F79EFBC}") = "Data", "Data\Data.csproj", "{2CD773EA-4358-406C-83FE-78E074D86BB3}"
EndProject
Global
	GlobalSection(SolutionConfigurationPlatforms) = preSolution
		Debug|Any CPU = Debug|Any CPU
		Release|Any CPU = Release|Any CPU
	EndGlobalSection
	GlobalSection(ProjectConfigurationPlatforms) = postSolution
		{A7B162D5-FFCE-490D-83BC-2725689AC63F}.Debug|Any CPU.ActiveCfg = Debug|Any CPU
		{A7B162D5-FFCE-490D-83BC-2725689AC63F}.Debug|Any CPU.Build.0 = Debug|Any CPU
		{A7B162D5-FFCE-490D-83BC-2725689AC63F}.Release|Any CPU.ActiveCfg = Release|Any CPU
		{A7B162D5-FFCE-490D-83BC-2725689AC63F}.Release|Any CPU.Build.0 = Release|Any CPU
		{C1FFCBDF-8ADD-411D-B247-303E3F3C2362}.Debug|Any CPU.ActiveCfg = Debug|Any CPU
		{C1FFCBDF-8ADD-411D-B247-303E3F3C2362}.Debug|Any CPU.Build.0 = Debug|Any CPU
		{C1FFCBDF-8ADD-411D-B247-303E3F3C2362}.Release|Any CPU.ActiveCfg = Release|Any CPU
		{C1FFCBDF-8ADD-411D-B247-303E3F3C2362}.Release|Any CPU.Build.0 = Release|Any CPU
		{D11FE544-F698-4BB3-866F-57D63997916C}.Debug|Any CPU.ActiveCfg = Debug|Any CPU
		{D11FE544-F698-4BB3-866F-57D63997916C}.Debug|Any CPU.Build.0 = Debug|Any CPU
		{D11FE544-F698-4BB3-866F-57D63997916C}.Release|Any CPU.ActiveCfg = Release|Any CPU
		{D11FE544-F698-4BB3-866F-57D63997916C}.Release|Any CPU.Build.0 = Release|Any CPU
		{5D30C754-26AC-4652-A146-B3D61E6607B9}.Debug|Any CPU.ActiveCfg = Debug|Any CPU
		{5D30C754-26AC-4652-A146-B3D61E6607B9}.Debug|Any CPU.Build.0 = Debug|Any CPU
		{5D30C754-26AC-4652-A146-B3D61E6607B9}.Release|Any CPU.ActiveCfg = Release|Any CPU
		{5D30C754-26AC-4652-A146-B3D61E6607B9}.Release|Any CPU.Build.0 = Release|Any CPU
		{6ACA0938-0285-4B27-A26E-98C86686288D}.Debug|Any CPU.ActiveCfg = Debug|Any CPU
		{6ACA0938-0285-4B27-A26E-98C86686288D}.Debug|Any CPU.Build.0 = Debug|Any CPU
		{6ACA0938-0285-4B27-A26E-98C86686288D}.Release|Any CPU.ActiveCfg = Release|Any CPU
		{6ACA0938-0285-4B27-A26E-98C86686288D}.Release|Any CPU.Build.0 = Release|Any CPU
		{2CD773EA-4358-406C-83FE-78E074D86BB3}.Debug|Any CPU.ActiveCfg = Debug|Any CPU
		{2CD773EA-4358-406C-83FE-78E074D86BB3}.Debug|Any CPU.Build.0 = Debug|Any CPU
		{2CD773EA-4358-406C-83FE-78E074D86BB3}.Release|Any CPU.ActiveCfg = Release|Any CPU
		{2CD773EA-4358-406C-83FE-78E074D86BB3}.Release|Any CPU.Build.0 = Release|Any CPU
	EndGlobalSection
	GlobalSection(SolutionProperties) = preSolution
		HideSolutionNode = FALSE
	EndGlobalSection
	GlobalSection(ExtensibilityGlobals) = postSolution
		SolutionGuid = {760AEA64-6037-49B0-AA3C-09925E437A46}
	EndGlobalSection
EndGlobal
